{
  "name": "eks-get-token",
  "version": "1.0.0",
  "lockfileVersion": 1,
  "requires": true,
  "dependencies": {
    "aws4": {
      "version": "1.10.0",
      "resolved": "https://registry.npmjs.org/aws4/-/aws4-1.10.0.tgz",
      "integrity": "sha512-3YDiu347mtVtjpyV3u5kVqQLP242c06zwDOgpeRnybmXlYYsLbtTrUBUm8i8srONt+FWobl5aibnU1030PeeuA=="
    }
  }
}
